
Microsoft Visual Studio Solution File, Format Version 12.00
# Visual Studio 15
VisualStudioVersion = 15.0.28307.168
MinimumVisualStudioVersion = 10.0.40219.1
Project("{FAE04EC0-301F-11D3-BF4B-00C04F79EFBC}") = "TRINHQUANGTRUNG_301025717_002_Ass4", "TRINHQUANGTRUNG_301025717_002_Ass4\TRINHQUANGTRUNG_301025717_002_Ass4.csproj", "{B4371D5B-5C9D-4A4E-86EA-D30C37E4E4D4}"
EndProject
Global
	GlobalSection(SolutionConfigurationPlatforms) = preSolution
		Debug|Any CPU = Debug|Any CPU
		Release|Any CPU = Release|Any CPU
	EndGlobalSection
	GlobalSection(ProjectConfigurationPlatforms) = postSolution
		{B4371D5B-5C9D-4A4E-86EA-D30C37E4E4D4}.Debug|Any CPU.ActiveCfg = Debug|Any CPU
		{B4371D5B-5C9D-4A4E-86EA-D30C37E4E4D4}.Debug|Any CPU.Build.0 = Debug|Any CPU
		{B4371D5B-5C9D-4A4E-86EA-D30C37E4E4D4}.Release|Any CPU.ActiveCfg = Release|Any CPU
		{B4371D5B-5C9D-4A4E-86EA-D30C37E4E4D4}.Release|Any CPU.Build.0 = Release|Any CPU
	EndGlobalSection
	GlobalSection(SolutionProperties) = preSolution
		HideSolutionNode = FALSE
	EndGlobalSection
	GlobalSection(ExtensibilityGlobals) = postSolution
		SolutionGuid = {0E8423E0-7BD4-4751-816A-B5802D7967F3}
	EndGlobalSection
EndGlobal
